<Solution>
  <Project Path="BeautySalon.Api/BeautySalon.Api.csproj" />
  <Project Path="BeautySalon.Application/BeautySalon.Application.csproj" />
  <Project Path="BeautySalon.Domain/BeautySalon.Domain.csproj" />
  <Project Path="BeautySalon.Infrastructure/BeautySalon.Infrastructure.csproj" />
</Solution>
